// !$*UTF8*$!
{
	archiveVersion = 1;
	classes = {
	};
	objectVersion = 46;
	objects = {

/* Begin PBXBuildFile section */
		957EB01D1C96963A00A1CDAD /* AppDelegate.swift in Sources */ = {isa = PBXBuildFile; fileRef = 957EB01C1C96963A00A1CDAD /* AppDelegate.swift */; };
		957EB01F1C96963A00A1CDAD /* ViewController.swift in Sources */ = {isa = PBXBuildFile; fileRef = 957EB01E1C96963A00A1CDAD /* ViewController.swift */; };
		957EB0221C96963A00A1CDAD /* Main.storyboard in Resources */ = {isa = PBXBuildFile; fileRef = 957EB0201C96963A00A1CDAD /* Main.storyboard */; };
		957EB0241C96963A00A1CDAD /* Assets.xcassets in Resources */ = {isa = PBXBuildFile; fileRef = 957EB0231C96963A00A1CDAD /* Assets.xcassets */; };
		957EB0271C96963A00A1CDAD /* LaunchScreen.storyboard in Resources */ = {isa = PBXBuildFile; fileRef = 957EB0251C96963A00A1CDAD /* LaunchScreen.storyboard */; };
/* End PBXBuildFile section */

/* Begin PBXFileReference section */
		957EB0191C96963A00A1CDAD /* StopWatch.app */ = {isa = PBXFileReference; explicitFileType = wrapper.application; includeInIndex = 0; path = StopWatch.app; sourceTree = BUILT_PRODUCTS_DIR; };
		957EB01C1C96963A00A1CDAD /* AppDelegate.swift */ = {isa = PBXFileReference; lastKnownFileType = sourcecode.swift; path = AppDelegate.swift; sourceTree = "<group>"; };
		957EB01E1C96963A00A1CDAD /* ViewController.swift */ = {isa = PBXFileReference; lastKnownFileType = sourcecode.swift; path = ViewController.swift; sourceTree = "<group>"; };
		957EB0211C96963A00A1CDAD /* Base */ = {isa = PBXFileReference; lastKnownFileType = file.storyboard; name = Base; path = Base.lproj/Main.storyboard; sourceTree = "<group>"; };
		957EB0231C96963A00A1CDAD /* Assets.xcassets */ = {isa = PBXFileReference; lastKnownFileType = folder.assetcatalog; path = Assets.xcassets; sourceTree = "<group>"; };
		957EB0261C96963A00A1CDAD /* Base */ = {isa = PBXFileReference; lastKnownFileType = file.storyboard; name = Base; path = Base.lproj/LaunchScreen.storyboard; sourceTree = "<group>"; };
		957EB0281C96963A00A1CDAD /* Info.plist */ = {isa = PBXFileReference; lastKnownFileType = text.plist.xml; path = Info.plist; sourceTree = "<group>"; };
/* End PBXFileReference section */

/* Begin PBXFrameworksBuildPhase section */
		957EB0161C96963A00A1CDAD /* Frameworks */ = {
			isa = PBXFrameworksBuildPhase;
			buildActionMask = 2147483647;
			files = (
			);
			runOnlyForDeploymentPostprocessing = 0;
		};
/* End PBXFrameworksBuildPhase section */

/* Begin PBXGroup section */
		957EB0101C96963A00A1CDAD = {
			isa = PBXGroup;
			children = (
				957EB01B1C96963A00A1CDAD /* StopWatch */,
				957EB01A1C96963A00A1CDAD /* Products */,
			);
			sourceTree = "<group>";
		};
		957EB01A1C96963A00A1CDAD /* Products */ = {
			isa = PBXGroup;
			children = (
				957EB0191C96963A00A1CDAD /* StopWatch.app */,
			);
			name = Products;
			sourceTree = "<group>";
		};
		957EB01B1C96963A00A1CDAD /* StopWatch */ = {
			isa = PBXGroup;
			children = (
				957EB01C1C96963A00A1CDAD /* AppDelegate.swift */,
				957EB01E1C96963A00A1CDAD /* ViewController.swift */,
				957EB0201C96963A00A1CDAD /* Main.storyboard */,
				957EB0231C96963A00A1CDAD /* Assets.xcassets */,
				957EB0251C96963A00A1CDAD /* LaunchScreen.storyboard */,
				957EB0281C96963A00A1CDAD /* Info.plist */,
			);
			path = StopWatch;
			sourceTree = "<group>";
		};
/* End PBXGroup section */

/* Begin PBXNativeTarget section */
		957EB0181C96963A00A1CDAD /* StopWatch */ = {
			isa = PBXNativeTarget;
			buildConfigurationList = 957EB02B1C96963A00A1CDAD /* Build configuration list for PBXNativeTarget "StopWatch" */;
			buildPhases = (
				957EB0151C96963A00A1CDAD /* Sources */,
				957EB0161C96963A00A1CDAD /* Frameworks */,
				957EB0171C96963A00A1CDAD /* Resources */,
			);
			buildRules = (
			);
			dependencies = (
			);
			name = StopWatch;
			productName = StopWatch;
			productReference = 957EB0191C96963A00A1CDAD /* StopWatch.app */;
			productType = "com.apple.product-type.application";
		};
/* End PBXNativeTarget section */

/* Begin PBXProject section */
		957EB0111C96963A00A1CDAD /* Project object */ = {
			isa = PBXProject;
			attributes = {
				LastUpgradeCheck = 0700;
				ORGANIZATIONNAME = Guneet;
				TargetAttributes = {
					957EB0181C96963A00A1CDAD = {
						CreatedOnToolsVersion = 7.0;
						DevelopmentTeam = XX2Q695ZQ2;
					};
				};
			};
			buildConfigurationList = 957EB0141C96963A00A1CDAD /* Build configuration list for PBXProject "StopWatch" */;
			compatibilityVersion = "Xcode 3.2";
			developmentRegion = English;
			hasScannedForEncodings = 0;
			knownRegions = (
				en,
				Base,
			);
			mainGroup = 957EB0101C96963A00A1CDAD;
			productRefGroup = 957EB01A1C96963A00A1CDAD /* Products */;
			projectDirPath = "";
			projectRoot = "";
			targets = (
				957EB0181C96963A00A1CDAD /* StopWatch */,
			);
		};
/* End PBXProject section */

/* Begin PBXResourcesBuildPhase section */
		957EB0171C96963A00A1CDAD /* Resources */ = {
			isa = PBXResourcesBuildPhase;
			buildActionMask = 2147483647;
			files = (
				957EB0271C96963A00A1CDAD /* LaunchScreen.storyboard in Resources */,
				957EB0241C96963A00A1CDAD /* Assets.xcassets in Resources */,
				957EB0221C96963A00A1CDAD /* Main.storyboard in Resources */,
			);
			runOnlyForDeploymentPostprocessing = 0;
		};
/* End PBXResourcesBuildPhase section */

/* Begin PBXSourcesBuildPhase section */
		957EB0151C96963A00A1CDAD /* Sources */ = {
			isa = PBXSourcesBuildPhase;
			buildActionMask = 2147483647;
			files = (
				957EB01F1C96963A00A1CDAD /* ViewController.swift in Sources */,
				957EB01D1C96963A00A1CDAD /* AppDelegate.swift in Sources */,
			);
			runOnlyForDeploymentPostprocessing = 0;
		};
/* End PBXSourcesBuildPhase section */

/* Begin PBXVariantGroup section */
		957EB0201C96963A00A1CDAD /* Main.storyboard */ = {
			isa = PBXVariantGroup;
			children = (
				957EB0211C96963A00A1CDAD /* Base */,
			);
			name = Main.storyboard;
			sourceTree = "<group>";
		};
		957EB0251C96963A00A1CDAD /* LaunchScreen.storyboard */ = {
			isa = PBXVariantGroup;
			children = (
				957EB0261C96963A00A1CDAD /* Base */,
			);
			name = LaunchScreen.storyboard;
			sourceTree = "<group>";
		};
/* End PBXVariantGroup section */

/* Begin XCBuildConfiguration section */
		957EB0291C96963A00A1CDAD /* Debug */ = {
			isa = XCBuildConfiguration;
			buildSettings = {
				ALWAYS_SEARCH_USER_PATHS = NO;
				CLANG_CXX_LANGUAGE_STANDARD = "gnu++0x";
				CLANG_CXX_LIBRARY = "libc++";
				CLANG_ENABLE_MODULES = YES;
				CLANG_ENABLE_OBJC_ARC = YES;
				CLANG_WARN_BOOL_CONVERSION = YES;
				CLANG_WARN_CONSTANT_CONVERSION = YES;
				CLANG_WARN_DIRECT_OBJC_ISA_USAGE = YES_ERROR;
				CLANG_WARN_EMPTY_BODY = YES;
				CLANG_WARN_ENUM_CONVERSION = YES;
				CLANG_WARN_INT_CONVERSION = YES;
				CLANG_WARN_OBJC_ROOT_CLASS = YES_ERROR;
				CLANG_WARN_UNREACHABLE_CODE = YES;
				CLANG_WARN__DUPLICATE_METHOD_MATCH = YES;
				"CODE_SIGN_IDENTITY[sdk=iphoneos*]" = "iPhone Developer";
				COPY_PHASE_STRIP = NO;
				DEBUG_INFORMATION_FORMAT = dwarf;
				ENABLE_STRICT_OBJC_MSGSEND = YES;
				ENABLE_TESTABILITY = YES;
				GCC_C_LANGUAGE_STANDARD = gnu99;
				GCC_DYNAMIC_NO_PIC = NO;
				GCC_NO_COMMON_BLOCKS = YES;
				GCC_OPTIMIZATION_LEVEL = 0;
				GCC_PREPROCESSOR_DEFINITIONS = (
					"DEBUG=1",
					"$(inherited)",
				);
				GCC_WARN_64_TO_32_BIT_CONVERSION = YES;
				GCC_WARN_ABOUT_RETURN_TYPE = YES_ERROR;
				GCC_WARN_UNDECLARED_SELECTOR = YES;
				GCC_WARN_UNINITIALIZED_AUTOS = YES_AGGRESSIVE;
				GCC_WARN_UNUSED_FUNCTION = YES;
				GCC_WARN_UNUSED_VARIABLE = YES;
				IPHONEOS_DEPLOYMENT_TARGET = 9.0;
				MTL_ENABLE_DEBUG_INFO = YES;
				ONLY_ACTIVE_ARCH = YES;
				SDKROOT = iphoneos;
				SWIFT_OPTIMIZATION_LEVEL = "-Onone";
			};
			name = Debug;
		};
		957EB02A1C96963A00A1CDAD /* Release */ = {
			isa = XCBuildConfiguration;
			buildSettings = {
				ALWAYS_SEARCH_USER_PATHS = NO;
				CLANG_CXX_LANGUAGE_STANDARD = "gnu++0x";
				CLANG_CXX_LIBRARY = "libc++";
				CLANG_ENABLE_MODULES = YES;
				CLANG_ENABLE_OBJC_ARC = YES;
				CLANG_WARN_BOOL_CONVERSION = YES;
				CLANG_WARN_CONSTANT_CONVERSION = YES;
				CLANG_WARN_DIRECT_OBJC_ISA_USAGE = YES_ERROR;
				CLANG_WARN_EMPTY_BODY = YES;
				CLANG_WARN_ENUM_CONVERSION = YES;
				CLANG_WARN_INT_CONVERSION = YES;
				CLANG_WARN_OBJC_ROOT_CLASS = YES_ERROR;
				CLANG_WARN_UNREACHABLE_CODE = YES;
				CLANG_WARN__DUPLICATE_METHOD_MATCH = YES;
				"CODE_SIGN_IDENTITY[sdk=iphoneos*]" = "iPhone Developer";
				COPY_PHASE_STRIP = NO;
				DEBUG_INFORMATION_FORMAT = "dwarf-with-dsym";
				ENABLE_NS_ASSERTIONS = NO;
				ENABLE_STRICT_OBJC_MSGSEND = YES;
				GCC_C_LANGUAGE_STANDARD = gnu99;
				GCC_NO_COMMON_BLOCKS = YES;
				GCC_WARN_64_TO_32_BIT_CONVERSION = YES;
				GCC_WARN_ABOUT_RETURN_TYPE = YES_ERROR;
				GCC_WARN_UNDECLARED_SELECTOR = YES;
				GCC_WARN_UNINITIALIZED_AUTOS = YES_AGGRESSIVE;
				GCC_WARN_UNUSED_FUNCTION = YES;
				GCC_WARN_UNUSED_VARIABLE = YES;
				IPHONEOS_DEPLOYMENT_TARGET = 9.0;
				MTL_ENABLE_DEBUG_INFO = NO;
				SDKROOT = iphoneos;
				VALIDATE_PRODUCT = YES;
			};
			name = Release;
		};
		957EB02C1C96963A00A1CDAD /* Debug */ = {
			isa = XCBuildConfiguration;
			buildSettings = {
				ASSETCATALOG_COMPILER_APPICON_NAME = AppIcon;
				INFOPLIST_FILE = StopWatch/Info.plist;
				LD_RUNPATH_SEARCH_PATHS = "$(inherited) @executable_path/Frameworks";
				PRODUCT_BUNDLE_IDENTIFIER = com.Guneet.StopWatch;
				PRODUCT_NAME = "$(TARGET_NAME)";
			};
			name = Debug;
		};
		957EB02D1C96963A00A1CDAD /* Release */ = {
			isa = XCBuildConfiguration;
			buildSettings = {
				ASSETCATALOG_COMPILER_APPICON_NAME = AppIcon;
				INFOPLIST_FILE = StopWatch/Info.plist;
				LD_RUNPATH_SEARCH_PATHS = "$(inherited) @executable_path/Frameworks";
				PRODUCT_BUNDLE_IDENTIFIER = com.Guneet.StopWatch;
				PRODUCT_NAME = "$(TARGET_NAME)";
			};
			name = Release;
		};
/* End XCBuildConfiguration section */

/* Begin XCConfigurationList section */
		957EB0141C96963A00A1CDAD /* Build configuration list for PBXProject "StopWatch" */ = {
			isa = XCConfigurationList;
			buildConfigurations = (
				957EB0291C96963A00A1CDAD /* Debug */,
				957EB02A1C96963A00A1CDAD /* Release */,
			);
			defaultConfigurationIsVisible = 0;
			defaultConfigurationName = Release;
		};
		957EB02B1C96963A00A1CDAD /* Build configuration list for PBXNativeTarget "StopWatch" */ = {
			isa = XCConfigurationList;
			buildConfigurations = (
				957EB02C1C96963A00A1CDAD /* Debug */,
				957EB02D1C96963A00A1CDAD /* Release */,
			);
			defaultConfigurationIsVisible = 0;
		};
/* End XCConfigurationList section */
	};
	rootObject = 957EB0111C96963A00A1CDAD /* Project object */;
}
